<?xml version="1.0" encoding="UTF-8" standalone="yes" ?>
<CodeBlocks_project_file>
	<FileVersion major="1" minor="6" />
	<Project>
		<Option title="qdata" />
		<Option makefile="makefile" />
		<Option pch_mode="2" />
		<Option compiler="gcc" />
		<Build>
			<Target title="Win32 Release">
				<Option output="./Release/qdata" prefix_auto="1" extension_auto="1" />
				<Option object_output="./Release" />
				<Option type="1" />
				<Option compiler="gcc" />
				<Compiler>
					<Add option="-W" />
					<Add option="-fexceptions" />
					<Add option="-O2" />
					<Add option="-DWIN32" />
					<Add option="-DNDEBUG" />
					<Add option="-D_CONSOLE" />
					<Add directory="../common" />
				</Compiler>
				<Linker>
					<Add library="kernel32" />
					<Add library="user32" />
					<Add library="gdi32" />
					<Add library="winspool" />
					<Add library="comdlg32" />
					<Add library="advapi32" />
					<Add library="shell32" />
					<Add library="ole32" />
					<Add library="oleaut32" />
					<Add library="uuid" />
					<Add library="odbc32" />
					<Add library="odbccp32" />
				</Linker>
			</Target>
			<Target title="Win32 Debug">
				<Option output="./Debug/qdata" prefix_auto="1" extension_auto="1" />
				<Option object_output="./Debug" />
				<Option type="1" />
				<Option compiler="gcc" />
				<Compiler>
					<Add option="-W" />
					<Add option="-fexceptions" />
					<Add option="-g" />
					<Add option="-DWIN32" />
					<Add option="-D_DEBUG" />
					<Add option="-D_CONSOLE" />
					<Add directory="../common" />
				</Compiler>
				<Linker>
					<Add library="kernel32" />
					<Add library="user32" />
					<Add library="gdi32" />
					<Add library="winspool" />
					<Add library="comdlg32" />
					<Add library="advapi32" />
					<Add library="shell32" />
					<Add library="ole32" />
					<Add library="oleaut32" />
					<Add library="uuid" />
					<Add library="odbc32" />
					<Add library="odbccp32" />
				</Linker>
			</Target>
			<Target title="linux">
				<Option output="qdata" prefix_auto="1" extension_auto="1" />
				<Option type="1" />
				<Option compiler="gcc" />
				<Option use_console_runner="0" />
				<Compiler>
					<Add option="-O2" />
					<Add directory="../common" />
				</Compiler>
			</Target>
		</Build>
		<Unit filename="../common/bspfile.c">
			<Option compilerVar="CC" />
		</Unit>
		<Unit filename="../common/bspfile.h" />
		<Unit filename="../common/cmdlib.c">
			<Option compilerVar="CC" />
		</Unit>
		<Unit filename="../common/cmdlib.h" />
		<Unit filename="../common/l3dslib.c">
			<Option compilerVar="CC" />
		</Unit>
		<Unit filename="../common/l3dslib.h" />
		<Unit filename="../common/lbmlib.c">
			<Option compilerVar="CC" />
		</Unit>
		<Unit filename="../common/lbmlib.h" />
		<Unit filename="../common/llwolib.c">
			<Option compilerVar="CC" />
		</Unit>
		<Unit filename="../common/mathlib.c">
			<Option compilerVar="CC" />
		</Unit>
		<Unit filename="../common/mathlib.h" />
		<Unit filename="../common/mdfour.c">
			<Option compilerVar="CC" />
		</Unit>
		<Unit filename="../common/qfiles.h" />
		<Unit filename="../common/scriplib.c">
			<Option compilerVar="CC" />
		</Unit>
		<Unit filename="../common/scriplib.h" />
		<Unit filename="../common/threads.c">
			<Option compilerVar="CC" />
		</Unit>
		<Unit filename="../common/threads.h" />
		<Unit filename="../common/trilib.c">
			<Option compilerVar="CC" />
		</Unit>
		<Unit filename="../common/trilib.h" />
		<Unit filename="anorms.h">
			<Option target="Win32 Release" />
			<Option target="Win32 Debug" />
		</Unit>
		<Unit filename="images.c">
			<Option compilerVar="CC" />
		</Unit>
		<Unit filename="models.c">
			<Option compilerVar="CC" />
		</Unit>
		<Unit filename="qdata.c">
			<Option compilerVar="CC" />
		</Unit>
		<Unit filename="qdata.h" />
		<Unit filename="sprites.c">
			<Option compilerVar="CC" />
		</Unit>
		<Unit filename="tables.c">
			<Option compilerVar="CC" />
		</Unit>
		<Unit filename="video.c">
			<Option compilerVar="CC" />
		</Unit>
		<Extensions>
			<code_completion />
			<envvars />
			<debugger />
			<lib_finder disable_auto="1" />
		</Extensions>
	</Project>
</CodeBlocks_project_file>
